
Microsoft Visual Studio Solution File, Format Version 12.00
# Visual Studio Version 16
VisualStudioVersion = 16.0.30114.105
MinimumVisualStudioVersion = 10.0.40219.1
Project("{2150E333-8FDC-42A3-9474-1A3956D46DE8}") = "src", "src", "{0663BACC-5FB1-449E-8869-1CE860B4543D}"
EndProject
Project("{FAE04EC0-301F-11D3-BF4B-00C04F79EFBC}") = "HotelApi.App", "src\HotelApi.App\HotelApi.App.csproj", "{3EE6A7BA-7594-4E15-B9BA-FC78C382C67C}"
EndProject
Project("{FAE04EC0-301F-11D3-BF4B-00C04F79EFBC}") = "HotelApi.Domain", "src\HotelApi.Domain\HotelApi.Domain.csproj", "{DA321CEE-95D8-4C5A-B7E5-539B6D0D5241}"
EndProject
Project("{FAE04EC0-301F-11D3-BF4B-00C04F79EFBC}") = "HotelApi.Service", "src\HotelApi.Service\HotelApi.Service.csproj", "{975F494A-4E85-42C2-A225-FAD3356E3C95}"
EndProject
Project("{FAE04EC0-301F-11D3-BF4B-00C04F79EFBC}") = "HotelApi.Infra", "src\HotelApi.Infra\HotelApi.Infra.csproj", "{CC3DDB6A-471E-4DF5-AD1B-5990492EBF3F}"
EndProject
Project("{2150E333-8FDC-42A3-9474-1A3956D46DE8}") = "tests", "tests", "{2607E14D-3F4C-4C61-A012-BFF3E1364EDE}"
EndProject
Project("{FAE04EC0-301F-11D3-BF4B-00C04F79EFBC}") = "HotelApi.Tests", "tests\HotelApi.Tests\HotelApi.Tests.csproj", "{063185AE-C2BF-4C89-BB44-C7CE2A070DAB}"
EndProject
Global
	GlobalSection(SolutionConfigurationPlatforms) = preSolution
		Debug|Any CPU = Debug|Any CPU
		Debug|x64 = Debug|x64
		Debug|x86 = Debug|x86
		Release|Any CPU = Release|Any CPU
		Release|x64 = Release|x64
		Release|x86 = Release|x86
	EndGlobalSection
	GlobalSection(SolutionProperties) = preSolution
		HideSolutionNode = FALSE
	EndGlobalSection
	GlobalSection(ProjectConfigurationPlatforms) = postSolution
		{3EE6A7BA-7594-4E15-B9BA-FC78C382C67C}.Debug|Any CPU.ActiveCfg = Debug|Any CPU
		{3EE6A7BA-7594-4E15-B9BA-FC78C382C67C}.Debug|Any CPU.Build.0 = Debug|Any CPU
		{3EE6A7BA-7594-4E15-B9BA-FC78C382C67C}.Debug|x64.ActiveCfg = Debug|Any CPU
		{3EE6A7BA-7594-4E15-B9BA-FC78C382C67C}.Debug|x64.Build.0 = Debug|Any CPU
		{3EE6A7BA-7594-4E15-B9BA-FC78C382C67C}.Debug|x86.ActiveCfg = Debug|Any CPU
		{3EE6A7BA-7594-4E15-B9BA-FC78C382C67C}.Debug|x86.Build.0 = Debug|Any CPU
		{3EE6A7BA-7594-4E15-B9BA-FC78C382C67C}.Release|Any CPU.ActiveCfg = Release|Any CPU
		{3EE6A7BA-7594-4E15-B9BA-FC78C382C67C}.Release|Any CPU.Build.0 = Release|Any CPU
		{3EE6A7BA-7594-4E15-B9BA-FC78C382C67C}.Release|x64.ActiveCfg = Release|Any CPU
		{3EE6A7BA-7594-4E15-B9BA-FC78C382C67C}.Release|x64.Build.0 = Release|Any CPU
		{3EE6A7BA-7594-4E15-B9BA-FC78C382C67C}.Release|x86.ActiveCfg = Release|Any CPU
		{3EE6A7BA-7594-4E15-B9BA-FC78C382C67C}.Release|x86.Build.0 = Release|Any CPU
		{DA321CEE-95D8-4C5A-B7E5-539B6D0D5241}.Debug|Any CPU.ActiveCfg = Debug|Any CPU
		{DA321CEE-95D8-4C5A-B7E5-539B6D0D5241}.Debug|Any CPU.Build.0 = Debug|Any CPU
		{DA321CEE-95D8-4C5A-B7E5-539B6D0D5241}.Debug|x64.ActiveCfg = Debug|Any CPU
		{DA321CEE-95D8-4C5A-B7E5-539B6D0D5241}.Debug|x64.Build.0 = Debug|Any CPU
		{DA321CEE-95D8-4C5A-B7E5-539B6D0D5241}.Debug|x86.ActiveCfg = Debug|Any CPU
		{DA321CEE-95D8-4C5A-B7E5-539B6D0D5241}.Debug|x86.Build.0 = Debug|Any CPU
		{DA321CEE-95D8-4C5A-B7E5-539B6D0D5241}.Release|Any CPU.ActiveCfg = Release|Any CPU
		{DA321CEE-95D8-4C5A-B7E5-539B6D0D5241}.Release|Any CPU.Build.0 = Release|Any CPU
		{DA321CEE-95D8-4C5A-B7E5-539B6D0D5241}.Release|x64.ActiveCfg = Release|Any CPU
		{DA321CEE-95D8-4C5A-B7E5-539B6D0D5241}.Release|x64.Build.0 = Release|Any CPU
		{DA321CEE-95D8-4C5A-B7E5-539B6D0D5241}.Release|x86.ActiveCfg = Release|Any CPU
		{DA321CEE-95D8-4C5A-B7E5-539B6D0D5241}.Release|x86.Build.0 = Release|Any CPU
		{975F494A-4E85-42C2-A225-FAD3356E3C95}.Debug|Any CPU.ActiveCfg = Debug|Any CPU
		{975F494A-4E85-42C2-A225-FAD3356E3C95}.Debug|Any CPU.Build.0 = Debug|Any CPU
		{975F494A-4E85-42C2-A225-FAD3356E3C95}.Debug|x64.ActiveCfg = Debug|Any CPU
		{975F494A-4E85-42C2-A225-FAD3356E3C95}.Debug|x64.Build.0 = Debug|Any CPU
		{975F494A-4E85-42C2-A225-FAD3356E3C95}.Debug|x86.ActiveCfg = Debug|Any CPU
		{975F494A-4E85-42C2-A225-FAD3356E3C95}.Debug|x86.Build.0 = Debug|Any CPU
		{975F494A-4E85-42C2-A225-FAD3356E3C95}.Release|Any CPU.ActiveCfg = Release|Any CPU
		{975F494A-4E85-42C2-A225-FAD3356E3C95}.Release|Any CPU.Build.0 = Release|Any CPU
		{975F494A-4E85-42C2-A225-FAD3356E3C95}.Release|x64.ActiveCfg = Release|Any CPU
		{975F494A-4E85-42C2-A225-FAD3356E3C95}.Release|x64.Build.0 = Release|Any CPU
		{975F494A-4E85-42C2-A225-FAD3356E3C95}.Release|x86.ActiveCfg = Release|Any CPU
		{975F494A-4E85-42C2-A225-FAD3356E3C95}.Release|x86.Build.0 = Release|Any CPU
		{CC3DDB6A-471E-4DF5-AD1B-5990492EBF3F}.Debug|Any CPU.ActiveCfg = Debug|Any CPU
		{CC3DDB6A-471E-4DF5-AD1B-5990492EBF3F}.Debug|Any CPU.Build.0 = Debug|Any CPU
		{CC3DDB6A-471E-4DF5-AD1B-5990492EBF3F}.Debug|x64.ActiveCfg = Debug|Any CPU
		{CC3DDB6A-471E-4DF5-AD1B-5990492EBF3F}.Debug|x64.Build.0 = Debug|Any CPU
		{CC3DDB6A-471E-4DF5-AD1B-5990492EBF3F}.Debug|x86.ActiveCfg = Debug|Any CPU
		{CC3DDB6A-471E-4DF5-AD1B-5990492EBF3F}.Debug|x86.Build.0 = Debug|Any CPU
		{CC3DDB6A-471E-4DF5-AD1B-5990492EBF3F}.Release|Any CPU.ActiveCfg = Release|Any CPU
		{CC3DDB6A-471E-4DF5-AD1B-5990492EBF3F}.Release|Any CPU.Build.0 = Release|Any CPU
		{CC3DDB6A-471E-4DF5-AD1B-5990492EBF3F}.Release|x64.ActiveCfg = Release|Any CPU
		{CC3DDB6A-471E-4DF5-AD1B-5990492EBF3F}.Release|x64.Build.0 = Release|Any CPU
		{CC3DDB6A-471E-4DF5-AD1B-5990492EBF3F}.Release|x86.ActiveCfg = Release|Any CPU
		{CC3DDB6A-471E-4DF5-AD1B-5990492EBF3F}.Release|x86.Build.0 = Release|Any CPU
		{063185AE-C2BF-4C89-BB44-C7CE2A070DAB}.Debug|Any CPU.ActiveCfg = Debug|Any CPU
		{063185AE-C2BF-4C89-BB44-C7CE2A070DAB}.Debug|Any CPU.Build.0 = Debug|Any CPU
		{063185AE-C2BF-4C89-BB44-C7CE2A070DAB}.Debug|x64.ActiveCfg = Debug|Any CPU
		{063185AE-C2BF-4C89-BB44-C7CE2A070DAB}.Debug|x64.Build.0 = Debug|Any CPU
		{063185AE-C2BF-4C89-BB44-C7CE2A070DAB}.Debug|x86.ActiveCfg = Debug|Any CPU
		{063185AE-C2BF-4C89-BB44-C7CE2A070DAB}.Debug|x86.Build.0 = Debug|Any CPU
		{063185AE-C2BF-4C89-BB44-C7CE2A070DAB}.Release|Any CPU.ActiveCfg = Release|Any CPU
		{063185AE-C2BF-4C89-BB44-C7CE2A070DAB}.Release|Any CPU.Build.0 = Release|Any CPU
		{063185AE-C2BF-4C89-BB44-C7CE2A070DAB}.Release|x64.ActiveCfg = Release|Any CPU
		{063185AE-C2BF-4C89-BB44-C7CE2A070DAB}.Release|x64.Build.0 = Release|Any CPU
		{063185AE-C2BF-4C89-BB44-C7CE2A070DAB}.Release|x86.ActiveCfg = Release|Any CPU
		{063185AE-C2BF-4C89-BB44-C7CE2A070DAB}.Release|x86.Build.0 = Release|Any CPU
	EndGlobalSection
	GlobalSection(NestedProjects) = preSolution
		{3EE6A7BA-7594-4E15-B9BA-FC78C382C67C} = {0663BACC-5FB1-449E-8869-1CE860B4543D}
		{DA321CEE-95D8-4C5A-B7E5-539B6D0D5241} = {0663BACC-5FB1-449E-8869-1CE860B4543D}
		{975F494A-4E85-42C2-A225-FAD3356E3C95} = {0663BACC-5FB1-449E-8869-1CE860B4543D}
		{CC3DDB6A-471E-4DF5-AD1B-5990492EBF3F} = {0663BACC-5FB1-449E-8869-1CE860B4543D}
		{063185AE-C2BF-4C89-BB44-C7CE2A070DAB} = {2607E14D-3F4C-4C61-A012-BFF3E1364EDE}
	EndGlobalSection
EndGlobal
